
Microsoft Visual Studio Solution File, Format Version 12.00
# Visual Studio Version 16
VisualStudioVersion = 16.0.29306.81
MinimumVisualStudioVersion = 10.0.40219.1
Project("{FAE04EC0-301F-11D3-BF4B-00C04F79EFBC}") = "AdapterPatternPratice", "AdapterPatternPratice\AdapterPatternPratice.csproj", "{74E4F757-429F-48A2-8F96-8F535F9581B2}"
EndProject
Global
	GlobalSection(SolutionConfigurationPlatforms) = preSolution
		Debug|Any CPU = Debug|Any CPU
		Release|Any CPU = Release|Any CPU
	EndGlobalSection
	GlobalSection(ProjectConfigurationPlatforms) = postSolution
		{74E4F757-429F-48A2-8F96-8F535F9581B2}.Debug|Any CPU.ActiveCfg = Debug|Any CPU
		{74E4F757-429F-48A2-8F96-8F535F9581B2}.Debug|Any CPU.Build.0 = Debug|Any CPU
		{74E4F757-429F-48A2-8F96-8F535F9581B2}.Release|Any CPU.ActiveCfg = Release|Any CPU
		{74E4F757-429F-48A2-8F96-8F535F9581B2}.Release|Any CPU.Build.0 = Release|Any CPU
	EndGlobalSection
	GlobalSection(SolutionProperties) = preSolution
		HideSolutionNode = FALSE
	EndGlobalSection
	GlobalSection(ExtensibilityGlobals) = postSolution
		SolutionGuid = {A2DE8684-0FF4-4A56-B75B-38F07BE76980}
	EndGlobalSection
EndGlobal
